PODS:
  - PAYJP (0.1.2)

DEPENDENCIES:
  - PAYJP (from `/Users/kstg2/work/payjp/ios-sdk`)

EXTERNAL SOURCES:
  PAYJP:
    :path: "/Users/kstg2/work/payjp/ios-sdk"

SPEC CHECKSUMS:
  PAYJP: 7467b565ea69600444d95e193a14c74e65c9ae1e

PODFILE CHECKSUM: 8bffb80c5e1171ae702d96683042f2ead47d67ed

COCOAPODS: 1.1.1
